
Microsoft Visual Studio Solution File, Format Version 12.00
# Visual Studio Version 17
VisualStudioVersion = 17.14.36414.22 d17.14
MinimumVisualStudioVersion = 10.0.40219.1
Project("{FAE04EC0-301F-11D3-BF4B-00C04F79EFBC}") = "AssingSnakeLadder", "AssingSnakeLadder\AssingSnakeLadder.csproj", "{539325C8-9467-4604-8F6A-F996ACB5C814}"
EndProject
Project("{FAE04EC0-301F-11D3-BF4B-00C04F79EFBC}") = "SnakesAndLadders.Tests", "SnakesAndLadders.Tests\SnakesAndLadders.Tests.csproj", "{810F2F3B-ED05-409E-8516-02D40246F70A}"
EndProject
Global
	GlobalSection(SolutionConfigurationPlatforms) = preSolution
		Debug|Any CPU = Debug|Any CPU
		Release|Any CPU = Release|Any CPU
	EndGlobalSection
	GlobalSection(ProjectConfigurationPlatforms) = postSolution
		{539325C8-9467-4604-8F6A-F996ACB5C814}.Debug|Any CPU.ActiveCfg = Debug|Any CPU
		{539325C8-9467-4604-8F6A-F996ACB5C814}.Debug|Any CPU.Build.0 = Debug|Any CPU
		{539325C8-9467-4604-8F6A-F996ACB5C814}.Release|Any CPU.ActiveCfg = Release|Any CPU
		{539325C8-9467-4604-8F6A-F996ACB5C814}.Release|Any CPU.Build.0 = Release|Any CPU
		{810F2F3B-ED05-409E-8516-02D40246F70A}.Debug|Any CPU.ActiveCfg = Debug|Any CPU
		{810F2F3B-ED05-409E-8516-02D40246F70A}.Debug|Any CPU.Build.0 = Debug|Any CPU
		{810F2F3B-ED05-409E-8516-02D40246F70A}.Release|Any CPU.ActiveCfg = Release|Any CPU
		{810F2F3B-ED05-409E-8516-02D40246F70A}.Release|Any CPU.Build.0 = Release|Any CPU
	EndGlobalSection
	GlobalSection(SolutionProperties) = preSolution
		HideSolutionNode = FALSE
	EndGlobalSection
	GlobalSection(ExtensibilityGlobals) = postSolution
		SolutionGuid = {EB94D21B-4C02-424A-8464-C8F7B71F5085}
	EndGlobalSection
EndGlobal
